
Microsoft Visual Studio Solution File, Format Version 12.00
# Visual Studio 15
VisualStudioVersion = 15.0.27004.2009
MinimumVisualStudioVersion = 10.0.40219.1
Project("{FAE04EC0-301F-11D3-BF4B-00C04F79EFBC}") = "InShare.Web", "InShare.Web\InShare.Web.csproj", "{2B74B192-C54A-425B-817E-D53C554CB5EE}"
	ProjectSection(ProjectDependencies) = postProject
		{0B8A2D2F-8581-4D66-982F-CB91E991E04B} = {0B8A2D2F-8581-4D66-982F-CB91E991E04B}
		{19A02B54-3E0E-4FD5-953B-860A862D4DF2} = {19A02B54-3E0E-4FD5-953B-860A862D4DF2}
		{A61C59B1-0894-4A50-8F53-A67351B62C6A} = {A61C59B1-0894-4A50-8F53-A67351B62C6A}
	EndProjectSection
EndProject
Project("{FAE04EC0-301F-11D3-BF4B-00C04F79EFBC}") = "InShare.Web.Tests", "InShare.Web.Tests\InShare.Web.Tests.csproj", "{DB874127-25C4-45B2-8A54-21C0968AEEF9}"
	ProjectSection(ProjectDependencies) = postProject
		{A61C59B1-0894-4A50-8F53-A67351B62C6A} = {A61C59B1-0894-4A50-8F53-A67351B62C6A}
	EndProjectSection
EndProject
Project("{FAE04EC0-301F-11D3-BF4B-00C04F79EFBC}") = "InShare.IService", "InShare.IService\InShare.IService.csproj", "{A61C59B1-0894-4A50-8F53-A67351B62C6A}"
	ProjectSection(ProjectDependencies) = postProject
		{0B8A2D2F-8581-4D66-982F-CB91E991E04B} = {0B8A2D2F-8581-4D66-982F-CB91E991E04B}
	EndProjectSection
EndProject
Project("{FAE04EC0-301F-11D3-BF4B-00C04F79EFBC}") = "InShare.Service", "InShare.Service\InShare.Service.csproj", "{1C12CC9F-447F-4F35-B399-7CD22BF8887A}"
	ProjectSection(ProjectDependencies) = postProject
		{19A02B54-3E0E-4FD5-953B-860A862D4DF2} = {19A02B54-3E0E-4FD5-953B-860A862D4DF2}
		{A61C59B1-0894-4A50-8F53-A67351B62C6A} = {A61C59B1-0894-4A50-8F53-A67351B62C6A}
	EndProjectSection
EndProject
Project("{FAE04EC0-301F-11D3-BF4B-00C04F79EFBC}") = "InShare.Common", "InShare.Common\InShare.Common.csproj", "{19A02B54-3E0E-4FD5-953B-860A862D4DF2}"
EndProject
Project("{FAE04EC0-301F-11D3-BF4B-00C04F79EFBC}") = "InShare.Model", "InShare.Model\InShare.Model.csproj", "{0B8A2D2F-8581-4D66-982F-CB91E991E04B}"
EndProject
Global
	GlobalSection(SolutionConfigurationPlatforms) = preSolution
		Debug|Any CPU = Debug|Any CPU
		Release|Any CPU = Release|Any CPU
	EndGlobalSection
	GlobalSection(ProjectConfigurationPlatforms) = postSolution
		{2B74B192-C54A-425B-817E-D53C554CB5EE}.Debug|Any CPU.ActiveCfg = Debug|Any CPU
		{2B74B192-C54A-425B-817E-D53C554CB5EE}.Debug|Any CPU.Build.0 = Debug|Any CPU
		{2B74B192-C54A-425B-817E-D53C554CB5EE}.Release|Any CPU.ActiveCfg = Release|Any CPU
		{2B74B192-C54A-425B-817E-D53C554CB5EE}.Release|Any CPU.Build.0 = Release|Any CPU
		{DB874127-25C4-45B2-8A54-21C0968AEEF9}.Debug|Any CPU.ActiveCfg = Debug|Any CPU
		{DB874127-25C4-45B2-8A54-21C0968AEEF9}.Debug|Any CPU.Build.0 = Debug|Any CPU
		{DB874127-25C4-45B2-8A54-21C0968AEEF9}.Release|Any CPU.ActiveCfg = Release|Any CPU
		{DB874127-25C4-45B2-8A54-21C0968AEEF9}.Release|Any CPU.Build.0 = Release|Any CPU
		{A61C59B1-0894-4A50-8F53-A67351B62C6A}.Debug|Any CPU.ActiveCfg = Debug|Any CPU
		{A61C59B1-0894-4A50-8F53-A67351B62C6A}.Debug|Any CPU.Build.0 = Debug|Any CPU
		{A61C59B1-0894-4A50-8F53-A67351B62C6A}.Release|Any CPU.ActiveCfg = Release|Any CPU
		{A61C59B1-0894-4A50-8F53-A67351B62C6A}.Release|Any CPU.Build.0 = Release|Any CPU
		{1C12CC9F-447F-4F35-B399-7CD22BF8887A}.Debug|Any CPU.ActiveCfg = Debug|Any CPU
		{1C12CC9F-447F-4F35-B399-7CD22BF8887A}.Debug|Any CPU.Build.0 = Debug|Any CPU
		{1C12CC9F-447F-4F35-B399-7CD22BF8887A}.Release|Any CPU.ActiveCfg = Release|Any CPU
		{1C12CC9F-447F-4F35-B399-7CD22BF8887A}.Release|Any CPU.Build.0 = Release|Any CPU
		{19A02B54-3E0E-4FD5-953B-860A862D4DF2}.Debug|Any CPU.ActiveCfg = Debug|Any CPU
		{19A02B54-3E0E-4FD5-953B-860A862D4DF2}.Debug|Any CPU.Build.0 = Debug|Any CPU
		{19A02B54-3E0E-4FD5-953B-860A862D4DF2}.Release|Any CPU.ActiveCfg = Release|Any CPU
		{19A02B54-3E0E-4FD5-953B-860A862D4DF2}.Release|Any CPU.Build.0 = Release|Any CPU
		{0B8A2D2F-8581-4D66-982F-CB91E991E04B}.Debug|Any CPU.ActiveCfg = Debug|Any CPU
		{0B8A2D2F-8581-4D66-982F-CB91E991E04B}.Debug|Any CPU.Build.0 = Debug|Any CPU
		{0B8A2D2F-8581-4D66-982F-CB91E991E04B}.Release|Any CPU.ActiveCfg = Release|Any CPU
		{0B8A2D2F-8581-4D66-982F-CB91E991E04B}.Release|Any CPU.Build.0 = Release|Any CPU
	EndGlobalSection
	GlobalSection(SolutionProperties) = preSolution
		HideSolutionNode = FALSE
	EndGlobalSection
	GlobalSection(ExtensibilityGlobals) = postSolution
		SolutionGuid = {752087D0-42F7-40CC-9E85-22E49A26E076}
	EndGlobalSection
EndGlobal
